
Microsoft Visual Studio Solution File, Format Version 12.00
# Visual Studio 15
VisualStudioVersion = 15.0.26730.16
MinimumVisualStudioVersion = 10.0.40219.1
Project("{FAE04EC0-301F-11D3-BF4B-00C04F79EFBC}") = "FedexApp", "FedexApp\FedexApp.csproj", "{F3C4633E-59C8-459C-A455-F4E2C934C9DB}"
EndProject
Project("{FAE04EC0-301F-11D3-BF4B-00C04F79EFBC}") = "FedexApp.Tests", "FedexApp.Tests\FedexApp.Tests.csproj", "{DEEEBC01-D048-49A8-AECA-E2CB469F7626}"
EndProject
Project("{FAE04EC0-301F-11D3-BF4B-00C04F79EFBC}") = "FedexAppTests", "FedexAppTests\FedexAppTests.csproj", "{82D18ED1-48DA-4358-8362-03964ECB8C29}"
EndProject
Global
	GlobalSection(SolutionConfigurationPlatforms) = preSolution
		Debug|Any CPU = Debug|Any CPU
		Release|Any CPU = Release|Any CPU
	EndGlobalSection
	GlobalSection(ProjectConfigurationPlatforms) = postSolution
		{F3C4633E-59C8-459C-A455-F4E2C934C9DB}.Debug|Any CPU.ActiveCfg = Debug|Any CPU
		{F3C4633E-59C8-459C-A455-F4E2C934C9DB}.Debug|Any CPU.Build.0 = Debug|Any CPU
		{F3C4633E-59C8-459C-A455-F4E2C934C9DB}.Release|Any CPU.ActiveCfg = Release|Any CPU
		{F3C4633E-59C8-459C-A455-F4E2C934C9DB}.Release|Any CPU.Build.0 = Release|Any CPU
		{DEEEBC01-D048-49A8-AECA-E2CB469F7626}.Debug|Any CPU.ActiveCfg = Debug|Any CPU
		{DEEEBC01-D048-49A8-AECA-E2CB469F7626}.Debug|Any CPU.Build.0 = Debug|Any CPU
		{DEEEBC01-D048-49A8-AECA-E2CB469F7626}.Release|Any CPU.ActiveCfg = Release|Any CPU
		{DEEEBC01-D048-49A8-AECA-E2CB469F7626}.Release|Any CPU.Build.0 = Release|Any CPU
		{82D18ED1-48DA-4358-8362-03964ECB8C29}.Debug|Any CPU.ActiveCfg = Debug|Any CPU
		{82D18ED1-48DA-4358-8362-03964ECB8C29}.Debug|Any CPU.Build.0 = Debug|Any CPU
		{82D18ED1-48DA-4358-8362-03964ECB8C29}.Release|Any CPU.ActiveCfg = Release|Any CPU
		{82D18ED1-48DA-4358-8362-03964ECB8C29}.Release|Any CPU.Build.0 = Release|Any CPU
	EndGlobalSection
	GlobalSection(SolutionProperties) = preSolution
		HideSolutionNode = FALSE
	EndGlobalSection
	GlobalSection(ExtensibilityGlobals) = postSolution
		SolutionGuid = {B4D8F6A2-0371-4001-9EB0-6F21074D2E40}
	EndGlobalSection
EndGlobal
