
Microsoft Visual Studio Solution File, Format Version 12.00
# Visual Studio 15
VisualStudioVersion = 15.0.26730.16
MinimumVisualStudioVersion = 10.0.40219.1
Project("{FAE04EC0-301F-11D3-BF4B-00C04F79EFBC}") = "Fedex8App", "Fedex8App\Fedex8App.csproj", "{D9BA063E-B8BD-4850-B9FF-62F216C9065E}"
EndProject
Global
	GlobalSection(SolutionConfigurationPlatforms) = preSolution
		Debug|Any CPU = Debug|Any CPU
		Release|Any CPU = Release|Any CPU
	EndGlobalSection
	GlobalSection(ProjectConfigurationPlatforms) = postSolution
		{D9BA063E-B8BD-4850-B9FF-62F216C9065E}.Debug|Any CPU.ActiveCfg = Debug|Any CPU
		{D9BA063E-B8BD-4850-B9FF-62F216C9065E}.Debug|Any CPU.Build.0 = Debug|Any CPU
		{D9BA063E-B8BD-4850-B9FF-62F216C9065E}.Release|Any CPU.ActiveCfg = Release|Any CPU
		{D9BA063E-B8BD-4850-B9FF-62F216C9065E}.Release|Any CPU.Build.0 = Release|Any CPU
	EndGlobalSection
	GlobalSection(SolutionProperties) = preSolution
		HideSolutionNode = FALSE
	EndGlobalSection
	GlobalSection(ExtensibilityGlobals) = postSolution
		SolutionGuid = {0728D0F6-5402-493C-B72F-179D1F0098AD}
	EndGlobalSection
EndGlobal
